
Microsoft Visual Studio Solution File, Format Version 12.00
# Visual Studio Version 17
VisualStudioVersion = 17.6.33712.159
MinimumVisualStudioVersion = 10.0.40219.1
Project("{FAE04EC0-301F-11D3-BF4B-00C04F79EFBC}") = "Cipotify", "Cipotify.csproj", "{A438B12E-0959-4B86-8BC1-1868AAF8EA41}"
EndProject
Global
	GlobalSection(SolutionConfigurationPlatforms) = preSolution
		Debug|Any CPU = Debug|Any CPU
		Release|Any CPU = Release|Any CPU
	EndGlobalSection
	GlobalSection(ProjectConfigurationPlatforms) = postSolution
		{A438B12E-0959-4B86-8BC1-1868AAF8EA41}.Debug|Any CPU.ActiveCfg = Debug|Any CPU
		{A438B12E-0959-4B86-8BC1-1868AAF8EA41}.Debug|Any CPU.Build.0 = Debug|Any CPU
		{A438B12E-0959-4B86-8BC1-1868AAF8EA41}.Release|Any CPU.ActiveCfg = Release|Any CPU
		{A438B12E-0959-4B86-8BC1-1868AAF8EA41}.Release|Any CPU.Build.0 = Release|Any CPU
	EndGlobalSection
	GlobalSection(SolutionProperties) = preSolution
		HideSolutionNode = FALSE
	EndGlobalSection
	GlobalSection(ExtensibilityGlobals) = postSolution
		SolutionGuid = {61243A69-57E4-4E60-A342-B1B6D6043E2D}
	EndGlobalSection
EndGlobal
